
Microsoft Visual Studio Solution File, Format Version 12.00
# Visual Studio Version 16
VisualStudioVersion = 16.0.31112.23
MinimumVisualStudioVersion = 10.0.40219.1
Project("{FAE04EC0-301F-11D3-BF4B-00C04F79EFBC}") = "store", "store.csproj", "{81F8480A-1DF8-47DF-BCF8-293FDF8BA121}"
EndProject
Global
	GlobalSection(SolutionConfigurationPlatforms) = preSolution
		Debug|Any CPU = Debug|Any CPU
		Release|Any CPU = Release|Any CPU
	EndGlobalSection
	GlobalSection(ProjectConfigurationPlatforms) = postSolution
		{81F8480A-1DF8-47DF-BCF8-293FDF8BA121}.Debug|Any CPU.ActiveCfg = Debug|Any CPU
		{81F8480A-1DF8-47DF-BCF8-293FDF8BA121}.Debug|Any CPU.Build.0 = Debug|Any CPU
		{81F8480A-1DF8-47DF-BCF8-293FDF8BA121}.Release|Any CPU.ActiveCfg = Release|Any CPU
		{81F8480A-1DF8-47DF-BCF8-293FDF8BA121}.Release|Any CPU.Build.0 = Release|Any CPU
	EndGlobalSection
	GlobalSection(SolutionProperties) = preSolution
		HideSolutionNode = FALSE
	EndGlobalSection
	GlobalSection(ExtensibilityGlobals) = postSolution
		SolutionGuid = {B6A7E93C-0EBE-4680-9C1A-538525D98D9B}
	EndGlobalSection
EndGlobal
